// !$*UTF8*$!
{
	archiveVersion = 1;
	classes = {
	};
	objectVersion = 48;
	objects = {

/* Begin PBXBuildFile section */
		165238202061352F00A90380 /* AppDelegate.swift in Sources */ = {isa = PBXBuildFile; fileRef = 1652381F2061352F00A90380 /* AppDelegate.swift */; };
		165238222061352F00A90380 /* ViewController.swift in Sources */ = {isa = PBXBuildFile; fileRef = 165238212061352F00A90380 /* ViewController.swift */; };
		165238252061352F00A90380 /* Main.storyboard in Resources */ = {isa = PBXBuildFile; fileRef = 165238232061352F00A90380 /* Main.storyboard */; };
		165238282061352F00A90380 /* TableViewSwiftExample.xcdatamodeld in Sources */ = {isa = PBXBuildFile; fileRef = 165238262061352F00A90380 /* TableViewSwiftExample.xcdatamodeld */; };
		1652382A2061352F00A90380 /* Assets.xcassets in Resources */ = {isa = PBXBuildFile; fileRef = 165238292061352F00A90380 /* Assets.xcassets */; };
		1652382D2061352F00A90380 /* LaunchScreen.storyboard in Resources */ = {isa = PBXBuildFile; fileRef = 1652382B2061352F00A90380 /* LaunchScreen.storyboard */; };
/* End PBXBuildFile section */

/* Begin PBXFileReference section */
		1652381C2061352F00A90380 /* TableViewSwiftExample.app */ = {isa = PBXFileReference; explicitFileType = wrapper.application; includeInIndex = 0; path = TableViewSwiftExample.app; sourceTree = BUILT_PRODUCTS_DIR; };
		1652381F2061352F00A90380 /* AppDelegate.swift */ = {isa = PBXFileReference; lastKnownFileType = sourcecode.swift; path = AppDelegate.swift; sourceTree = "<group>"; };
		165238212061352F00A90380 /* ViewController.swift */ = {isa = PBXFileReference; lastKnownFileType = sourcecode.swift; path = ViewController.swift; sourceTree = "<group>"; };
		165238242061352F00A90380 /* Base */ = {isa = PBXFileReference; lastKnownFileType = file.storyboard; name = Base; path = Base.lproj/Main.storyboard; sourceTree = "<group>"; };
		165238272061352F00A90380 /* TableViewSwiftExample.xcdatamodel */ = {isa = PBXFileReference; lastKnownFileType = wrapper.xcdatamodel; path = TableViewSwiftExample.xcdatamodel; sourceTree = "<group>"; };
		165238292061352F00A90380 /* Assets.xcassets */ = {isa = PBXFileReference; lastKnownFileType = folder.assetcatalog; path = Assets.xcassets; sourceTree = "<group>"; };
		1652382C2061352F00A90380 /* Base */ = {isa = PBXFileReference; lastKnownFileType = file.storyboard; name = Base; path = Base.lproj/LaunchScreen.storyboard; sourceTree = "<group>"; };
		1652382E2061352F00A90380 /* Info.plist */ = {isa = PBXFileReference; lastKnownFileType = text.plist.xml; path = Info.plist; sourceTree = "<group>"; };
/* End PBXFileReference section */

/* Begin PBXFrameworksBuildPhase section */
		165238192061352F00A90380 /* Frameworks */ = {
			isa = PBXFrameworksBuildPhase;
			buildActionMask = 2147483647;
			files = (
			);
			runOnlyForDeploymentPostprocessing = 0;
		};
/* End PBXFrameworksBuildPhase section */

/* Begin PBXGroup section */
		165238132061352F00A90380 = {
			isa = PBXGroup;
			children = (
				1652381E2061352F00A90380 /* TableViewSwiftExample */,
				1652381D2061352F00A90380 /* Products */,
			);
			sourceTree = "<group>";
		};
		1652381D2061352F00A90380 /* Products */ = {
			isa = PBXGroup;
			children = (
				1652381C2061352F00A90380 /* TableViewSwiftExample.app */,
			);
			name = Products;
			sourceTree = "<group>";
		};
		1652381E2061352F00A90380 /* TableViewSwiftExample */ = {
			isa = PBXGroup;
			children = (
				1652381F2061352F00A90380 /* AppDelegate.swift */,
				165238212061352F00A90380 /* ViewController.swift */,
				165238232061352F00A90380 /* Main.storyboard */,
				165238292061352F00A90380 /* Assets.xcassets */,
				1652382B2061352F00A90380 /* LaunchScreen.storyboard */,
				1652382E2061352F00A90380 /* Info.plist */,
				165238262061352F00A90380 /* TableViewSwiftExample.xcdatamodeld */,
			);
			path = TableViewSwiftExample;
			sourceTree = "<group>";
		};
/* End PBXGroup section */

/* Begin PBXNativeTarget section */
		1652381B2061352F00A90380 /* TableViewSwiftExample */ = {
			isa = PBXNativeTarget;
			buildConfigurationList = 165238312061352F00A90380 /* Build configuration list for PBXNativeTarget "TableViewSwiftExample" */;
			buildPhases = (
				165238182061352F00A90380 /* Sources */,
				165238192061352F00A90380 /* Frameworks */,
				1652381A2061352F00A90380 /* Resources */,
			);
			buildRules = (
			);
			dependencies = (
			);
			name = TableViewSwiftExample;
			productName = TableViewSwiftExample;
			productReference = 1652381C2061352F00A90380 /* TableViewSwiftExample.app */;
			productType = "com.apple.product-type.application";
		};
/* End PBXNativeTarget section */

/* Begin PBXProject section */
		165238142061352F00A90380 /* Project object */ = {
			isa = PBXProject;
			attributes = {
				LastSwiftUpdateCheck = 0920;
				LastUpgradeCheck = 0920;
				ORGANIZATIONNAME = "Kirti Parghi";
				TargetAttributes = {
					1652381B2061352F00A90380 = {
						CreatedOnToolsVersion = 9.2;
						ProvisioningStyle = Automatic;
					};
				};
			};
			buildConfigurationList = 165238172061352F00A90380 /* Build configuration list for PBXProject "TableViewSwiftExample" */;
			compatibilityVersion = "Xcode 8.0";
			developmentRegion = en;
			hasScannedForEncodings = 0;
			knownRegions = (
				en,
				Base,
			);
			mainGroup = 165238132061352F00A90380;
			productRefGroup = 1652381D2061352F00A90380 /* Products */;
			projectDirPath = "";
			projectRoot = "";
			targets = (
				1652381B2061352F00A90380 /* TableViewSwiftExample */,
			);
		};
/* End PBXProject section */

/* Begin PBXResourcesBuildPhase section */
		1652381A2061352F00A90380 /* Resources */ = {
			isa = PBXResourcesBuildPhase;
			buildActionMask = 2147483647;
			files = (
				1652382D2061352F00A90380 /* LaunchScreen.storyboard in Resources */,
				1652382A2061352F00A90380 /* Assets.xcassets in Resources */,
				165238252061352F00A90380 /* Main.storyboard in Resources */,
			);
			runOnlyForDeploymentPostprocessing = 0;
		};
/* End PBXResourcesBuildPhase section */

/* Begin PBXSourcesBuildPhase section */
		165238182061352F00A90380 /* Sources */ = {
			isa = PBXSourcesBuildPhase;
			buildActionMask = 2147483647;
			files = (
				165238282061352F00A90380 /* TableViewSwiftExample.xcdatamodeld in Sources */,
				165238222061352F00A90380 /* ViewController.swift in Sources */,
				165238202061352F00A90380 /* AppDelegate.swift in Sources */,
			);
			runOnlyForDeploymentPostprocessing = 0;
		};
/* End PBXSourcesBuildPhase section */

/* Begin PBXVariantGroup section */
		165238232061352F00A90380 /* Main.storyboard */ = {
			isa = PBXVariantGroup;
			children = (
				165238242061352F00A90380 /* Base */,
			);
			name = Main.storyboard;
			sourceTree = "<group>";
		};
		1652382B2061352F00A90380 /* LaunchScreen.storyboard */ = {
			isa = PBXVariantGroup;
			children = (
				1652382C2061352F00A90380 /* Base */,
			);
			name = LaunchScreen.storyboard;
			sourceTree = "<group>";
		};
/* End PBXVariantGroup section */

/* Begin XCBuildConfiguration section */
		1652382F2061352F00A90380 /* Debug */ = {
			isa = XCBuildConfiguration;
			buildSettings = {
				ALWAYS_SEARCH_USER_PATHS = NO;
				CLANG_ANALYZER_NONNULL = YES;
				CLANG_ANALYZER_NUMBER_OBJECT_CONVERSION = YES_AGGRESSIVE;
				CLANG_CXX_LANGUAGE_STANDARD = "gnu++14";
				CLANG_CXX_LIBRARY = "libc++";
				CLANG_ENABLE_MODULES = YES;
				CLANG_ENABLE_OBJC_ARC = YES;
				CLANG_WARN_BLOCK_CAPTURE_AUTORELEASING = YES;
				CLANG_WARN_BOOL_CONVERSION = YES;
				CLANG_WARN_COMMA = YES;
				CLANG_WARN_CONSTANT_CONVERSION = YES;
				CLANG_WARN_DIRECT_OBJC_ISA_USAGE = YES_ERROR;
				CLANG_WARN_DOCUMENTATION_COMMENTS = YES;
				CLANG_WARN_EMPTY_BODY = YES;
				CLANG_WARN_ENUM_CONVERSION = YES;
				CLANG_WARN_INFINITE_RECURSION = YES;
				CLANG_WARN_INT_CONVERSION = YES;
				CLANG_WARN_NON_LITERAL_NULL_CONVERSION = YES;
				CLANG_WARN_OBJC_LITERAL_CONVERSION = YES;
				CLANG_WARN_OBJC_ROOT_CLASS = YES_ERROR;
				CLANG_WARN_RANGE_LOOP_ANALYSIS = YES;
				CLANG_WARN_STRICT_PROTOTYPES = YES;
				CLANG_WARN_SUSPICIOUS_MOVE = YES;
				CLANG_WARN_UNGUARDED_AVAILABILITY = YES_AGGRESSIVE;
				CLANG_WARN_UNREACHABLE_CODE = YES;
				CLANG_WARN__DUPLICATE_METHOD_MATCH = YES;
				CODE_SIGN_IDENTITY = "iPhone Developer";
				COPY_PHASE_STRIP = NO;
				DEBUG_INFORMATION_FORMAT = dwarf;
				ENABLE_STRICT_OBJC_MSGSEND = YES;
				ENABLE_TESTABILITY = YES;
				GCC_C_LANGUAGE_STANDARD = gnu11;
				GCC_DYNAMIC_NO_PIC = NO;
				GCC_NO_COMMON_BLOCKS = YES;
				GCC_OPTIMIZATION_LEVEL = 0;
				GCC_PREPROCESSOR_DEFINITIONS = (
					"DEBUG=1",
					"$(inherited)",
				);
				GCC_WARN_64_TO_32_BIT_CONVERSION = YES;
				GCC_WARN_ABOUT_RETURN_TYPE = YES_ERROR;
				GCC_WARN_UNDECLARED_SELECTOR = YES;
				GCC_WARN_UNINITIALIZED_AUTOS = YES_AGGRESSIVE;
				GCC_WARN_UNUSED_FUNCTION = YES;
				GCC_WARN_UNUSED_VARIABLE = YES;
				IPHONEOS_DEPLOYMENT_TARGET = 11.2;
				MTL_ENABLE_DEBUG_INFO = YES;
				ONLY_ACTIVE_ARCH = YES;
				SDKROOT = iphoneos;
				SWIFT_ACTIVE_COMPILATION_CONDITIONS = DEBUG;
				SWIFT_OPTIMIZATION_LEVEL = "-Onone";
			};
			name = Debug;
		};
		165238302061352F00A90380 /* Release */ = {
			isa = XCBuildConfiguration;
			buildSettings = {
				ALWAYS_SEARCH_USER_PATHS = NO;
				CLANG_ANALYZER_NONNULL = YES;
				CLANG_ANALYZER_NUMBER_OBJECT_CONVERSION = YES_AGGRESSIVE;
				CLANG_CXX_LANGUAGE_STANDARD = "gnu++14";
				CLANG_CXX_LIBRARY = "libc++";
				CLANG_ENABLE_MODULES = YES;
				CLANG_ENABLE_OBJC_ARC = YES;
				CLANG_WARN_BLOCK_CAPTURE_AUTORELEASING = YES;
				CLANG_WARN_BOOL_CONVERSION = YES;
				CLANG_WARN_COMMA = YES;
				CLANG_WARN_CONSTANT_CONVERSION = YES;
				CLANG_WARN_DIRECT_OBJC_ISA_USAGE = YES_ERROR;
				CLANG_WARN_DOCUMENTATION_COMMENTS = YES;
				CLANG_WARN_EMPTY_BODY = YES;
				CLANG_WARN_ENUM_CONVERSION = YES;
				CLANG_WARN_INFINITE_RECURSION = YES;
				CLANG_WARN_INT_CONVERSION = YES;
				CLANG_WARN_NON_LITERAL_NULL_CONVERSION = YES;
				CLANG_WARN_OBJC_LITERAL_CONVERSION = YES;
				CLANG_WARN_OBJC_ROOT_CLASS = YES_ERROR;
				CLANG_WARN_RANGE_LOOP_ANALYSIS = YES;
				CLANG_WARN_STRICT_PROTOTYPES = YES;
				CLANG_WARN_SUSPICIOUS_MOVE = YES;
				CLANG_WARN_UNGUARDED_AVAILABILITY = YES_AGGRESSIVE;
				CLANG_WARN_UNREACHABLE_CODE = YES;
				CLANG_WARN__DUPLICATE_METHOD_MATCH = YES;
				CODE_SIGN_IDENTITY = "iPhone Developer";
				COPY_PHASE_STRIP = NO;
				DEBUG_INFORMATION_FORMAT = "dwarf-with-dsym";
				ENABLE_NS_ASSERTIONS = NO;
				ENABLE_STRICT_OBJC_MSGSEND = YES;
				GCC_C_LANGUAGE_STANDARD = gnu11;
				GCC_NO_COMMON_BLOCKS = YES;
				GCC_WARN_64_TO_32_BIT_CONVERSION = YES;
				GCC_WARN_ABOUT_RETURN_TYPE = YES_ERROR;
				GCC_WARN_UNDECLARED_SELECTOR = YES;
				GCC_WARN_UNINITIALIZED_AUTOS = YES_AGGRESSIVE;
				GCC_WARN_UNUSED_FUNCTION = YES;
				GCC_WARN_UNUSED_VARIABLE = YES;
				IPHONEOS_DEPLOYMENT_TARGET = 11.2;
				MTL_ENABLE_DEBUG_INFO = NO;
				SDKROOT = iphoneos;
				SWIFT_OPTIMIZATION_LEVEL = "-Owholemodule";
				VALIDATE_PRODUCT = YES;
			};
			name = Release;
		};
		165238322061352F00A90380 /* Debug */ = {
			isa = XCBuildConfiguration;
			buildSettings = {
				ASSETCATALOG_COMPILER_APPICON_NAME = AppIcon;
				CODE_SIGN_STYLE = Automatic;
				INFOPLIST_FILE = TableViewSwiftExample/Info.plist;
				LD_RUNPATH_SEARCH_PATHS = "$(inherited) @executable_path/Frameworks";
				PRODUCT_BUNDLE_IDENTIFIER = com.kirti.TableViewSwiftExample;
				PRODUCT_NAME = "$(TARGET_NAME)";
				SWIFT_VERSION = 4.0;
				TARGETED_DEVICE_FAMILY = "1,2";
			};
			name = Debug;
		};
		165238332061352F00A90380 /* Release */ = {
			isa = XCBuildConfiguration;
			buildSettings = {
				ASSETCATALOG_COMPILER_APPICON_NAME = AppIcon;
				CODE_SIGN_STYLE = Automatic;
				INFOPLIST_FILE = TableViewSwiftExample/Info.plist;
				LD_RUNPATH_SEARCH_PATHS = "$(inherited) @executable_path/Frameworks";
				PRODUCT_BUNDLE_IDENTIFIER = com.kirti.TableViewSwiftExample;
				PRODUCT_NAME = "$(TARGET_NAME)";
				SWIFT_VERSION = 4.0;
				TARGETED_DEVICE_FAMILY = "1,2";
			};
			name = Release;
		};
/* End XCBuildConfiguration section */

/* Begin XCConfigurationList section */
		165238172061352F00A90380 /* Build configuration list for PBXProject "TableViewSwiftExample" */ = {
			isa = XCConfigurationList;
			buildConfigurations = (
				1652382F2061352F00A90380 /* Debug */,
				165238302061352F00A90380 /* Release */,
			);
			defaultConfigurationIsVisible = 0;
			defaultConfigurationName = Release;
		};
		165238312061352F00A90380 /* Build configuration list for PBXNativeTarget "TableViewSwiftExample" */ = {
			isa = XCConfigurationList;
			buildConfigurations = (
				165238322061352F00A90380 /* Debug */,
				165238332061352F00A90380 /* Release */,
			);
			defaultConfigurationIsVisible = 0;
			defaultConfigurationName = Release;
		};
/* End XCConfigurationList section */

/* Begin XCVersionGroup section */
		165238262061352F00A90380 /* TableViewSwiftExample.xcdatamodeld */ = {
			isa = XCVersionGroup;
			children = (
				165238272061352F00A90380 /* TableViewSwiftExample.xcdatamodel */,
			);
			currentVersion = 165238272061352F00A90380 /* TableViewSwiftExample.xcdatamodel */;
			path = TableViewSwiftExample.xcdatamodeld;
			sourceTree = "<group>";
			versionGroupType = wrapper.xcdatamodel;
		};
/* End XCVersionGroup section */
	};
	rootObject = 165238142061352F00A90380 /* Project object */;
}
